
Microsoft Visual Studio Solution File, Format Version 12.00
# Visual Studio Version 17
VisualStudioVersion = 17.0.31903.59
MinimumVisualStudioVersion = 10.0.40219.1
Project("{2150E333-8FDC-42A3-9474-1A3956D46DE8}") = "Solution Items", "Solution Items", "{DAA97BA9-AD00-4D58-9368-46BAC79180F1}"
	ProjectSection(SolutionItems) = preProject
		README.md = README.md
	EndProjectSection
EndProject
Project("{2150E333-8FDC-42A3-9474-1A3956D46DE8}") = "Getting Started", "Getting Started", "{2E5CFA48-C610-4AC8-B788-DBAB70CD74CC}"
EndProject
Project("{FAE04EC0-301F-11D3-BF4B-00C04F79EFBC}") = "1.1.hello_window", "src\1.getting_started\1.1.hello_window\1.1.hello_window.csproj", "{6C548200-AF34-4D16-ACB1-B11614988FA2}"
EndProject
Project("{FAE04EC0-301F-11D3-BF4B-00C04F79EFBC}") = "2.1.hello_triangle", "src\1.getting_started\2.1.hello_triangle\2.1.hello_triangle.csproj", "{0C040160-2A98-4E99-B38D-2B73424620FE}"
EndProject
Project("{FAE04EC0-301F-11D3-BF4B-00C04F79EFBC}") = "2.2.hello_triangle_indexed", "src\1.getting_started\2.2.hello_triangle_indexed\2.2.hello_triangle_indexed.csproj", "{0C9A1AA7-C557-4AED-A7C2-18845F9CCE32}"
EndProject
Project("{FAE04EC0-301F-11D3-BF4B-00C04F79EFBC}") = "2.3.hello_triangle_exercise1", "src\1.getting_started\2.3.hello_triangle_exercise1\2.3.hello_triangle_exercise1.csproj", "{E95D1C2E-9173-48E7-8F60-9DCD9C7A4099}"
EndProject
Project("{FAE04EC0-301F-11D3-BF4B-00C04F79EFBC}") = "2.4.hello_triangle_exercise2", "src\1.getting_started\2.4.hello_triangle_exercise2\2.4.hello_triangle_exercise2.csproj", "{AE70C5E4-BFFB-4502-BCE9-12918D90FE27}"
EndProject
Project("{FAE04EC0-301F-11D3-BF4B-00C04F79EFBC}") = "2.5.hello_triangle_exercise3", "src\1.getting_started\2.5.hello_triangle_exercise3\2.5.hello_triangle_exercise3.csproj", "{3CD1BA53-BC95-4130-829F-41324A881442}"
EndProject
Project("{FAE04EC0-301F-11D3-BF4B-00C04F79EFBC}") = "3.1.shaders_uniform", "src\1.getting_started\3.1.shaders_uniform\3.1.shaders_uniform.csproj", "{8BA07AE5-4454-4FBC-95DF-921711664CC6}"
EndProject
Project("{FAE04EC0-301F-11D3-BF4B-00C04F79EFBC}") = "3.2.shaders_interpolation", "src\1.getting_started\3.2.shaders_interpolation\3.2.shaders_interpolation.csproj", "{7A213581-5573-4179-A4AD-1DF7FA0D5771}"
EndProject
Global
	GlobalSection(SolutionConfigurationPlatforms) = preSolution
		Debug|Any CPU = Debug|Any CPU
		Release|Any CPU = Release|Any CPU
	EndGlobalSection
	GlobalSection(ProjectConfigurationPlatforms) = postSolution
		{6C548200-AF34-4D16-ACB1-B11614988FA2}.Debug|Any CPU.ActiveCfg = Debug|Any CPU
		{6C548200-AF34-4D16-ACB1-B11614988FA2}.Debug|Any CPU.Build.0 = Debug|Any CPU
		{6C548200-AF34-4D16-ACB1-B11614988FA2}.Release|Any CPU.ActiveCfg = Release|Any CPU
		{6C548200-AF34-4D16-ACB1-B11614988FA2}.Release|Any CPU.Build.0 = Release|Any CPU
		{0C040160-2A98-4E99-B38D-2B73424620FE}.Debug|Any CPU.ActiveCfg = Debug|Any CPU
		{0C040160-2A98-4E99-B38D-2B73424620FE}.Debug|Any CPU.Build.0 = Debug|Any CPU
		{0C040160-2A98-4E99-B38D-2B73424620FE}.Release|Any CPU.ActiveCfg = Release|Any CPU
		{0C040160-2A98-4E99-B38D-2B73424620FE}.Release|Any CPU.Build.0 = Release|Any CPU
		{0C9A1AA7-C557-4AED-A7C2-18845F9CCE32}.Debug|Any CPU.ActiveCfg = Debug|Any CPU
		{0C9A1AA7-C557-4AED-A7C2-18845F9CCE32}.Debug|Any CPU.Build.0 = Debug|Any CPU
		{0C9A1AA7-C557-4AED-A7C2-18845F9CCE32}.Release|Any CPU.ActiveCfg = Release|Any CPU
		{0C9A1AA7-C557-4AED-A7C2-18845F9CCE32}.Release|Any CPU.Build.0 = Release|Any CPU
		{E95D1C2E-9173-48E7-8F60-9DCD9C7A4099}.Debug|Any CPU.ActiveCfg = Debug|Any CPU
		{E95D1C2E-9173-48E7-8F60-9DCD9C7A4099}.Debug|Any CPU.Build.0 = Debug|Any CPU
		{E95D1C2E-9173-48E7-8F60-9DCD9C7A4099}.Release|Any CPU.ActiveCfg = Release|Any CPU
		{E95D1C2E-9173-48E7-8F60-9DCD9C7A4099}.Release|Any CPU.Build.0 = Release|Any CPU
		{AE70C5E4-BFFB-4502-BCE9-12918D90FE27}.Debug|Any CPU.ActiveCfg = Debug|Any CPU
		{AE70C5E4-BFFB-4502-BCE9-12918D90FE27}.Debug|Any CPU.Build.0 = Debug|Any CPU
		{AE70C5E4-BFFB-4502-BCE9-12918D90FE27}.Release|Any CPU.ActiveCfg = Release|Any CPU
		{AE70C5E4-BFFB-4502-BCE9-12918D90FE27}.Release|Any CPU.Build.0 = Release|Any CPU
		{3CD1BA53-BC95-4130-829F-41324A881442}.Debug|Any CPU.ActiveCfg = Debug|Any CPU
		{3CD1BA53-BC95-4130-829F-41324A881442}.Debug|Any CPU.Build.0 = Debug|Any CPU
		{3CD1BA53-BC95-4130-829F-41324A881442}.Release|Any CPU.ActiveCfg = Release|Any CPU
		{3CD1BA53-BC95-4130-829F-41324A881442}.Release|Any CPU.Build.0 = Release|Any CPU
		{8BA07AE5-4454-4FBC-95DF-921711664CC6}.Debug|Any CPU.ActiveCfg = Debug|Any CPU
		{8BA07AE5-4454-4FBC-95DF-921711664CC6}.Debug|Any CPU.Build.0 = Debug|Any CPU
		{8BA07AE5-4454-4FBC-95DF-921711664CC6}.Release|Any CPU.ActiveCfg = Release|Any CPU
		{8BA07AE5-4454-4FBC-95DF-921711664CC6}.Release|Any CPU.Build.0 = Release|Any CPU
		{7A213581-5573-4179-A4AD-1DF7FA0D5771}.Debug|Any CPU.ActiveCfg = Debug|Any CPU
		{7A213581-5573-4179-A4AD-1DF7FA0D5771}.Debug|Any CPU.Build.0 = Debug|Any CPU
		{7A213581-5573-4179-A4AD-1DF7FA0D5771}.Release|Any CPU.ActiveCfg = Release|Any CPU
		{7A213581-5573-4179-A4AD-1DF7FA0D5771}.Release|Any CPU.Build.0 = Release|Any CPU
	EndGlobalSection
	GlobalSection(SolutionProperties) = preSolution
		HideSolutionNode = FALSE
	EndGlobalSection
	GlobalSection(NestedProjects) = preSolution
		{6C548200-AF34-4D16-ACB1-B11614988FA2} = {2E5CFA48-C610-4AC8-B788-DBAB70CD74CC}
		{0C040160-2A98-4E99-B38D-2B73424620FE} = {2E5CFA48-C610-4AC8-B788-DBAB70CD74CC}
		{0C9A1AA7-C557-4AED-A7C2-18845F9CCE32} = {2E5CFA48-C610-4AC8-B788-DBAB70CD74CC}
		{E95D1C2E-9173-48E7-8F60-9DCD9C7A4099} = {2E5CFA48-C610-4AC8-B788-DBAB70CD74CC}
		{AE70C5E4-BFFB-4502-BCE9-12918D90FE27} = {2E5CFA48-C610-4AC8-B788-DBAB70CD74CC}
		{3CD1BA53-BC95-4130-829F-41324A881442} = {2E5CFA48-C610-4AC8-B788-DBAB70CD74CC}
		{8BA07AE5-4454-4FBC-95DF-921711664CC6} = {2E5CFA48-C610-4AC8-B788-DBAB70CD74CC}
		{7A213581-5573-4179-A4AD-1DF7FA0D5771} = {2E5CFA48-C610-4AC8-B788-DBAB70CD74CC}
	EndGlobalSection
EndGlobal
