
Microsoft Visual Studio Solution File, Format Version 12.00
# Visual Studio Version 17
VisualStudioVersion = 17.0.31903.59
MinimumVisualStudioVersion = 10.0.40219.1
Project("{2150E333-8FDC-42A3-9474-1A3956D46DE8}") = "Solution Items", "Solution Items", "{DAA97BA9-AD00-4D58-9368-46BAC79180F1}"
	ProjectSection(SolutionItems) = preProject
		README.md = README.md
	EndProjectSection
EndProject
Project("{2150E333-8FDC-42A3-9474-1A3956D46DE8}") = "Getting Started", "Getting Started", "{2E5CFA48-C610-4AC8-B788-DBAB70CD74CC}"
EndProject
Project("{9A19103F-16F7-4668-BE54-9A1E7A4F7556}") = "1.1.hello_window", "src\1.getting_started\1.1.hello_window\1.1.hello_window.csproj", "{6C548200-AF34-4D16-ACB1-B11614988FA2}"
EndProject
Project("{9A19103F-16F7-4668-BE54-9A1E7A4F7556}") = "2.1.hello_triangle", "src\1.getting_started\2.1.hello_triangle\2.1.hello_triangle.csproj", "{0C040160-2A98-4E99-B38D-2B73424620FE}"
EndProject
Project("{9A19103F-16F7-4668-BE54-9A1E7A4F7556}") = "2.2.hello_triangle_indexed", "src\1.getting_started\2.2.hello_triangle_indexed\2.2.hello_triangle_indexed.csproj", "{0C9A1AA7-C557-4AED-A7C2-18845F9CCE32}"
EndProject
Project("{9A19103F-16F7-4668-BE54-9A1E7A4F7556}") = "2.3.hello_triangle_exercise1", "src\1.getting_started\2.3.hello_triangle_exercise1\2.3.hello_triangle_exercise1.csproj", "{E95D1C2E-9173-48E7-8F60-9DCD9C7A4099}"
EndProject
Project("{9A19103F-16F7-4668-BE54-9A1E7A4F7556}") = "2.4.hello_triangle_exercise2", "src\1.getting_started\2.4.hello_triangle_exercise2\2.4.hello_triangle_exercise2.csproj", "{AE70C5E4-BFFB-4502-BCE9-12918D90FE27}"
EndProject
Project("{9A19103F-16F7-4668-BE54-9A1E7A4F7556}") = "2.5.hello_triangle_exercise3", "src\1.getting_started\2.5.hello_triangle_exercise3\2.5.hello_triangle_exercise3.csproj", "{3CD1BA53-BC95-4130-829F-41324A881442}"
EndProject
Project("{9A19103F-16F7-4668-BE54-9A1E7A4F7556}") = "3.1.shaders_uniform", "src\1.getting_started\3.1.shaders_uniform\3.1.shaders_uniform.csproj", "{8BA07AE5-4454-4FBC-95DF-921711664CC6}"
EndProject
Project("{9A19103F-16F7-4668-BE54-9A1E7A4F7556}") = "3.2.shaders_interpolation", "src\1.getting_started\3.2.shaders_interpolation\3.2.shaders_interpolation.csproj", "{7A213581-5573-4179-A4AD-1DF7FA0D5771}"
EndProject
Project("{9A19103F-16F7-4668-BE54-9A1E7A4F7556}") = "3.3.shaders_shaderclass", "src\1.getting_started\3.3.shaders_shaderclass\3.3.shaders_shaderclass.csproj", "{50DC1115-F0BD-44A9-BED1-36A6CAC9B692}"
EndProject
Project("{9A19103F-16F7-4668-BE54-9A1E7A4F7556}") = "3.4.shaders_exercise1", "src\1.getting_started\3.4.shaders_exercise1\3.4.shaders_exercise1.csproj", "{1A2AD3DD-0E9B-4DF5-9BC2-0F7F92F27FCB}"
EndProject
Project("{9A19103F-16F7-4668-BE54-9A1E7A4F7556}") = "3.6.shaders_exercise3", "src\1.getting_started\3.6.shaders_exercise3\3.6.shaders_exercise3.csproj", "{F8A21C87-B92D-4AA7-B759-DD99D2EF98BF}"
EndProject
Project("{9A19103F-16F7-4668-BE54-9A1E7A4F7556}") = "3.5.shaders_exercise2", "src\1.getting_started\3.5.shaders_exercise2\3.5.shaders_exercise2.csproj", "{46B21AED-34C9-4E3B-973E-78A28D4E76C1}"
EndProject
Project("{9A19103F-16F7-4668-BE54-9A1E7A4F7556}") = "LearnOpenGL.Common", "src\LearnOpenGL.Common\LearnOpenGL.Common.csproj", "{89904F6C-C625-4883-A5BA-951837C0C13B}"
EndProject
Project("{FAE04EC0-301F-11D3-BF4B-00C04F79EFBC}") = "4.1.textures", "src\1.getting_started\4.1.textures\4.1.textures.csproj", "{47EBC9FD-3F07-4042-88A2-66F3933E8AED}"
EndProject
Project("{FAE04EC0-301F-11D3-BF4B-00C04F79EFBC}") = "4.2.textures_combined", "src\1.getting_started\4.2.textures_combined\4.2.textures_combined.csproj", "{F3855B20-DE3E-4C56-A6E6-1821C16FC52C}"
EndProject
Project("{FAE04EC0-301F-11D3-BF4B-00C04F79EFBC}") = "4.3.textures_exercise1", "src\1.getting_started\4.3.textures_exercise1\4.3.textures_exercise1.csproj", "{76B9C3AD-CFEF-4442-9C08-74D2F9DB6877}"
EndProject
Project("{FAE04EC0-301F-11D3-BF4B-00C04F79EFBC}") = "4.4.textures_exercise2", "src\1.getting_started\4.4.textures_exercise2\4.4.textures_exercise2.csproj", "{29C4C200-2197-437A-9B53-18DC08BC5610}"
EndProject
Project("{FAE04EC0-301F-11D3-BF4B-00C04F79EFBC}") = "4.5.textures_exercise3", "src\1.getting_started\4.5.textures_exercise3\4.5.textures_exercise3.csproj", "{FF0DD70D-2FF3-4255-AE07-B1E0FB00EFFF}"
EndProject
Project("{FAE04EC0-301F-11D3-BF4B-00C04F79EFBC}") = "4.6.textures_exercise4", "src\1.getting_started\4.6.textures_exercise4\4.6.textures_exercise4.csproj", "{6E9BC64C-E56D-4015-ADAC-72CA01984B13}"
EndProject
Project("{FAE04EC0-301F-11D3-BF4B-00C04F79EFBC}") = "5.1.transformations", "src\1.getting_started\5.1.transformations\5.1.transformations.csproj", "{CD38CA2B-004F-4A6D-8263-928E543553AF}"
EndProject
Project("{FAE04EC0-301F-11D3-BF4B-00C04F79EFBC}") = "5.2.transformations_exercise1", "src\1.getting_started\5.2.transformations_exercise1\5.2.transformations_exercise1.csproj", "{54DE8747-1C02-42B8-AAF6-E559BE23709A}"
EndProject
Project("{FAE04EC0-301F-11D3-BF4B-00C04F79EFBC}") = "5.3.transformations_exercise2", "src\1.getting_started\5.3.transformations_exercise2\5.3.transformations_exercise2.csproj", "{9472EE40-FBA2-4DC9-B791-BBD7364EE4E0}"
EndProject
Project("{FAE04EC0-301F-11D3-BF4B-00C04F79EFBC}") = "6.1.coordinate_systems", "src\1.getting_started\6.1.coordinate_systems\6.1.coordinate_systems.csproj", "{CFE67831-AA06-4267-9485-F523EB05C3CD}"
EndProject
Project("{FAE04EC0-301F-11D3-BF4B-00C04F79EFBC}") = "6.2.coordinate_systems_depth", "src\1.getting_started\6.2.coordinate_systems_depth\6.2.coordinate_systems_depth.csproj", "{0A75846F-532C-4ABB-921D-3361BD5C699E}"
EndProject
Project("{FAE04EC0-301F-11D3-BF4B-00C04F79EFBC}") = "6.3.coordinate_systems_multiple", "src\1.getting_started\6.3.coordinate_systems_multiple\6.3.coordinate_systems_multiple.csproj", "{75BF7C5E-4F8D-4CB1-BEFC-ABE7FEC0EE98}"
EndProject
Project("{FAE04EC0-301F-11D3-BF4B-00C04F79EFBC}") = "6.4.coordinate_systems_exercise3", "src\1.getting_started\6.4.coordinate_systems_exercise3\6.4.coordinate_systems_exercise3.csproj", "{40095266-46D9-4880-B76C-E18BC769A90F}"
EndProject
Project("{FAE04EC0-301F-11D3-BF4B-00C04F79EFBC}") = "7.1.camera_circle", "src\1.getting_started\7.1.camera_circle\7.1.camera_circle.csproj", "{1144E1EF-A01D-41C1-A16F-E816612D7523}"
EndProject
Project("{FAE04EC0-301F-11D3-BF4B-00C04F79EFBC}") = "7.2.camera_keyboard_dt", "src\1.getting_started\7.2.camera_keyboard_dt\7.2.camera_keyboard_dt.csproj", "{D2F5F2F7-ED83-40E9-81FC-86425D1C7EBA}"
EndProject
Project("{FAE04EC0-301F-11D3-BF4B-00C04F79EFBC}") = "7.3.camera_mouse_zoom", "src\1.getting_started\7.3.camera_mouse_zoom\7.3.camera_mouse_zoom.csproj", "{8DD38724-82A0-430D-AF7C-8AB76CF0CF8E}"
EndProject
Project("{FAE04EC0-301F-11D3-BF4B-00C04F79EFBC}") = "7.4.camera_class", "src\1.getting_started\7.4.camera_class\7.4.camera_class.csproj", "{747714A5-B190-4A6C-8D0A-FB226C1538E2}"
EndProject
Global
	GlobalSection(SolutionConfigurationPlatforms) = preSolution
		Debug|Any CPU = Debug|Any CPU
		Release|Any CPU = Release|Any CPU
	EndGlobalSection
	GlobalSection(ProjectConfigurationPlatforms) = postSolution
		{6C548200-AF34-4D16-ACB1-B11614988FA2}.Debug|Any CPU.ActiveCfg = Debug|Any CPU
		{6C548200-AF34-4D16-ACB1-B11614988FA2}.Debug|Any CPU.Build.0 = Debug|Any CPU
		{6C548200-AF34-4D16-ACB1-B11614988FA2}.Release|Any CPU.ActiveCfg = Release|Any CPU
		{6C548200-AF34-4D16-ACB1-B11614988FA2}.Release|Any CPU.Build.0 = Release|Any CPU
		{0C040160-2A98-4E99-B38D-2B73424620FE}.Debug|Any CPU.ActiveCfg = Debug|Any CPU
		{0C040160-2A98-4E99-B38D-2B73424620FE}.Debug|Any CPU.Build.0 = Debug|Any CPU
		{0C040160-2A98-4E99-B38D-2B73424620FE}.Release|Any CPU.ActiveCfg = Release|Any CPU
		{0C040160-2A98-4E99-B38D-2B73424620FE}.Release|Any CPU.Build.0 = Release|Any CPU
		{0C9A1AA7-C557-4AED-A7C2-18845F9CCE32}.Debug|Any CPU.ActiveCfg = Debug|Any CPU
		{0C9A1AA7-C557-4AED-A7C2-18845F9CCE32}.Debug|Any CPU.Build.0 = Debug|Any CPU
		{0C9A1AA7-C557-4AED-A7C2-18845F9CCE32}.Release|Any CPU.ActiveCfg = Release|Any CPU
		{0C9A1AA7-C557-4AED-A7C2-18845F9CCE32}.Release|Any CPU.Build.0 = Release|Any CPU
		{E95D1C2E-9173-48E7-8F60-9DCD9C7A4099}.Debug|Any CPU.ActiveCfg = Debug|Any CPU
		{E95D1C2E-9173-48E7-8F60-9DCD9C7A4099}.Debug|Any CPU.Build.0 = Debug|Any CPU
		{E95D1C2E-9173-48E7-8F60-9DCD9C7A4099}.Release|Any CPU.ActiveCfg = Release|Any CPU
		{E95D1C2E-9173-48E7-8F60-9DCD9C7A4099}.Release|Any CPU.Build.0 = Release|Any CPU
		{AE70C5E4-BFFB-4502-BCE9-12918D90FE27}.Debug|Any CPU.ActiveCfg = Debug|Any CPU
		{AE70C5E4-BFFB-4502-BCE9-12918D90FE27}.Debug|Any CPU.Build.0 = Debug|Any CPU
		{AE70C5E4-BFFB-4502-BCE9-12918D90FE27}.Release|Any CPU.ActiveCfg = Release|Any CPU
		{AE70C5E4-BFFB-4502-BCE9-12918D90FE27}.Release|Any CPU.Build.0 = Release|Any CPU
		{3CD1BA53-BC95-4130-829F-41324A881442}.Debug|Any CPU.ActiveCfg = Debug|Any CPU
		{3CD1BA53-BC95-4130-829F-41324A881442}.Debug|Any CPU.Build.0 = Debug|Any CPU
		{3CD1BA53-BC95-4130-829F-41324A881442}.Release|Any CPU.ActiveCfg = Release|Any CPU
		{3CD1BA53-BC95-4130-829F-41324A881442}.Release|Any CPU.Build.0 = Release|Any CPU
		{8BA07AE5-4454-4FBC-95DF-921711664CC6}.Debug|Any CPU.ActiveCfg = Debug|Any CPU
		{8BA07AE5-4454-4FBC-95DF-921711664CC6}.Debug|Any CPU.Build.0 = Debug|Any CPU
		{8BA07AE5-4454-4FBC-95DF-921711664CC6}.Release|Any CPU.ActiveCfg = Release|Any CPU
		{8BA07AE5-4454-4FBC-95DF-921711664CC6}.Release|Any CPU.Build.0 = Release|Any CPU
		{7A213581-5573-4179-A4AD-1DF7FA0D5771}.Debug|Any CPU.ActiveCfg = Debug|Any CPU
		{7A213581-5573-4179-A4AD-1DF7FA0D5771}.Debug|Any CPU.Build.0 = Debug|Any CPU
		{7A213581-5573-4179-A4AD-1DF7FA0D5771}.Release|Any CPU.ActiveCfg = Release|Any CPU
		{7A213581-5573-4179-A4AD-1DF7FA0D5771}.Release|Any CPU.Build.0 = Release|Any CPU
		{50DC1115-F0BD-44A9-BED1-36A6CAC9B692}.Debug|Any CPU.ActiveCfg = Debug|Any CPU
		{50DC1115-F0BD-44A9-BED1-36A6CAC9B692}.Debug|Any CPU.Build.0 = Debug|Any CPU
		{50DC1115-F0BD-44A9-BED1-36A6CAC9B692}.Release|Any CPU.ActiveCfg = Release|Any CPU
		{50DC1115-F0BD-44A9-BED1-36A6CAC9B692}.Release|Any CPU.Build.0 = Release|Any CPU
		{1A2AD3DD-0E9B-4DF5-9BC2-0F7F92F27FCB}.Debug|Any CPU.ActiveCfg = Debug|Any CPU
		{1A2AD3DD-0E9B-4DF5-9BC2-0F7F92F27FCB}.Debug|Any CPU.Build.0 = Debug|Any CPU
		{1A2AD3DD-0E9B-4DF5-9BC2-0F7F92F27FCB}.Release|Any CPU.ActiveCfg = Release|Any CPU
		{1A2AD3DD-0E9B-4DF5-9BC2-0F7F92F27FCB}.Release|Any CPU.Build.0 = Release|Any CPU
		{F8A21C87-B92D-4AA7-B759-DD99D2EF98BF}.Debug|Any CPU.ActiveCfg = Debug|Any CPU
		{F8A21C87-B92D-4AA7-B759-DD99D2EF98BF}.Debug|Any CPU.Build.0 = Debug|Any CPU
		{F8A21C87-B92D-4AA7-B759-DD99D2EF98BF}.Release|Any CPU.ActiveCfg = Release|Any CPU
		{F8A21C87-B92D-4AA7-B759-DD99D2EF98BF}.Release|Any CPU.Build.0 = Release|Any CPU
		{46B21AED-34C9-4E3B-973E-78A28D4E76C1}.Debug|Any CPU.ActiveCfg = Debug|Any CPU
		{46B21AED-34C9-4E3B-973E-78A28D4E76C1}.Debug|Any CPU.Build.0 = Debug|Any CPU
		{46B21AED-34C9-4E3B-973E-78A28D4E76C1}.Release|Any CPU.ActiveCfg = Release|Any CPU
		{46B21AED-34C9-4E3B-973E-78A28D4E76C1}.Release|Any CPU.Build.0 = Release|Any CPU
		{89904F6C-C625-4883-A5BA-951837C0C13B}.Debug|Any CPU.ActiveCfg = Debug|Any CPU
		{89904F6C-C625-4883-A5BA-951837C0C13B}.Debug|Any CPU.Build.0 = Debug|Any CPU
		{89904F6C-C625-4883-A5BA-951837C0C13B}.Release|Any CPU.ActiveCfg = Release|Any CPU
		{89904F6C-C625-4883-A5BA-951837C0C13B}.Release|Any CPU.Build.0 = Release|Any CPU
		{47EBC9FD-3F07-4042-88A2-66F3933E8AED}.Debug|Any CPU.ActiveCfg = Debug|Any CPU
		{47EBC9FD-3F07-4042-88A2-66F3933E8AED}.Debug|Any CPU.Build.0 = Debug|Any CPU
		{47EBC9FD-3F07-4042-88A2-66F3933E8AED}.Release|Any CPU.ActiveCfg = Release|Any CPU
		{47EBC9FD-3F07-4042-88A2-66F3933E8AED}.Release|Any CPU.Build.0 = Release|Any CPU
		{F3855B20-DE3E-4C56-A6E6-1821C16FC52C}.Debug|Any CPU.ActiveCfg = Debug|Any CPU
		{F3855B20-DE3E-4C56-A6E6-1821C16FC52C}.Debug|Any CPU.Build.0 = Debug|Any CPU
		{F3855B20-DE3E-4C56-A6E6-1821C16FC52C}.Release|Any CPU.ActiveCfg = Release|Any CPU
		{F3855B20-DE3E-4C56-A6E6-1821C16FC52C}.Release|Any CPU.Build.0 = Release|Any CPU
		{76B9C3AD-CFEF-4442-9C08-74D2F9DB6877}.Debug|Any CPU.ActiveCfg = Debug|Any CPU
		{76B9C3AD-CFEF-4442-9C08-74D2F9DB6877}.Debug|Any CPU.Build.0 = Debug|Any CPU
		{76B9C3AD-CFEF-4442-9C08-74D2F9DB6877}.Release|Any CPU.ActiveCfg = Release|Any CPU
		{76B9C3AD-CFEF-4442-9C08-74D2F9DB6877}.Release|Any CPU.Build.0 = Release|Any CPU
		{29C4C200-2197-437A-9B53-18DC08BC5610}.Debug|Any CPU.ActiveCfg = Debug|Any CPU
		{29C4C200-2197-437A-9B53-18DC08BC5610}.Debug|Any CPU.Build.0 = Debug|Any CPU
		{29C4C200-2197-437A-9B53-18DC08BC5610}.Release|Any CPU.ActiveCfg = Release|Any CPU
		{29C4C200-2197-437A-9B53-18DC08BC5610}.Release|Any CPU.Build.0 = Release|Any CPU
		{FF0DD70D-2FF3-4255-AE07-B1E0FB00EFFF}.Debug|Any CPU.ActiveCfg = Debug|Any CPU
		{FF0DD70D-2FF3-4255-AE07-B1E0FB00EFFF}.Debug|Any CPU.Build.0 = Debug|Any CPU
		{FF0DD70D-2FF3-4255-AE07-B1E0FB00EFFF}.Release|Any CPU.ActiveCfg = Release|Any CPU
		{FF0DD70D-2FF3-4255-AE07-B1E0FB00EFFF}.Release|Any CPU.Build.0 = Release|Any CPU
		{6E9BC64C-E56D-4015-ADAC-72CA01984B13}.Debug|Any CPU.ActiveCfg = Debug|Any CPU
		{6E9BC64C-E56D-4015-ADAC-72CA01984B13}.Debug|Any CPU.Build.0 = Debug|Any CPU
		{6E9BC64C-E56D-4015-ADAC-72CA01984B13}.Release|Any CPU.ActiveCfg = Release|Any CPU
		{6E9BC64C-E56D-4015-ADAC-72CA01984B13}.Release|Any CPU.Build.0 = Release|Any CPU
		{CD38CA2B-004F-4A6D-8263-928E543553AF}.Debug|Any CPU.ActiveCfg = Debug|Any CPU
		{CD38CA2B-004F-4A6D-8263-928E543553AF}.Debug|Any CPU.Build.0 = Debug|Any CPU
		{CD38CA2B-004F-4A6D-8263-928E543553AF}.Release|Any CPU.ActiveCfg = Release|Any CPU
		{CD38CA2B-004F-4A6D-8263-928E543553AF}.Release|Any CPU.Build.0 = Release|Any CPU
		{54DE8747-1C02-42B8-AAF6-E559BE23709A}.Debug|Any CPU.ActiveCfg = Debug|Any CPU
		{54DE8747-1C02-42B8-AAF6-E559BE23709A}.Debug|Any CPU.Build.0 = Debug|Any CPU
		{54DE8747-1C02-42B8-AAF6-E559BE23709A}.Release|Any CPU.ActiveCfg = Release|Any CPU
		{54DE8747-1C02-42B8-AAF6-E559BE23709A}.Release|Any CPU.Build.0 = Release|Any CPU
		{9472EE40-FBA2-4DC9-B791-BBD7364EE4E0}.Debug|Any CPU.ActiveCfg = Debug|Any CPU
		{9472EE40-FBA2-4DC9-B791-BBD7364EE4E0}.Debug|Any CPU.Build.0 = Debug|Any CPU
		{9472EE40-FBA2-4DC9-B791-BBD7364EE4E0}.Release|Any CPU.ActiveCfg = Release|Any CPU
		{9472EE40-FBA2-4DC9-B791-BBD7364EE4E0}.Release|Any CPU.Build.0 = Release|Any CPU
		{CFE67831-AA06-4267-9485-F523EB05C3CD}.Debug|Any CPU.ActiveCfg = Debug|Any CPU
		{CFE67831-AA06-4267-9485-F523EB05C3CD}.Debug|Any CPU.Build.0 = Debug|Any CPU
		{CFE67831-AA06-4267-9485-F523EB05C3CD}.Release|Any CPU.ActiveCfg = Release|Any CPU
		{CFE67831-AA06-4267-9485-F523EB05C3CD}.Release|Any CPU.Build.0 = Release|Any CPU
		{0A75846F-532C-4ABB-921D-3361BD5C699E}.Debug|Any CPU.ActiveCfg = Debug|Any CPU
		{0A75846F-532C-4ABB-921D-3361BD5C699E}.Debug|Any CPU.Build.0 = Debug|Any CPU
		{0A75846F-532C-4ABB-921D-3361BD5C699E}.Release|Any CPU.ActiveCfg = Release|Any CPU
		{0A75846F-532C-4ABB-921D-3361BD5C699E}.Release|Any CPU.Build.0 = Release|Any CPU
		{75BF7C5E-4F8D-4CB1-BEFC-ABE7FEC0EE98}.Debug|Any CPU.ActiveCfg = Debug|Any CPU
		{75BF7C5E-4F8D-4CB1-BEFC-ABE7FEC0EE98}.Debug|Any CPU.Build.0 = Debug|Any CPU
		{75BF7C5E-4F8D-4CB1-BEFC-ABE7FEC0EE98}.Release|Any CPU.ActiveCfg = Release|Any CPU
		{75BF7C5E-4F8D-4CB1-BEFC-ABE7FEC0EE98}.Release|Any CPU.Build.0 = Release|Any CPU
		{40095266-46D9-4880-B76C-E18BC769A90F}.Debug|Any CPU.ActiveCfg = Debug|Any CPU
		{40095266-46D9-4880-B76C-E18BC769A90F}.Debug|Any CPU.Build.0 = Debug|Any CPU
		{40095266-46D9-4880-B76C-E18BC769A90F}.Release|Any CPU.ActiveCfg = Release|Any CPU
		{40095266-46D9-4880-B76C-E18BC769A90F}.Release|Any CPU.Build.0 = Release|Any CPU
		{1144E1EF-A01D-41C1-A16F-E816612D7523}.Debug|Any CPU.ActiveCfg = Debug|Any CPU
		{1144E1EF-A01D-41C1-A16F-E816612D7523}.Debug|Any CPU.Build.0 = Debug|Any CPU
		{1144E1EF-A01D-41C1-A16F-E816612D7523}.Release|Any CPU.ActiveCfg = Release|Any CPU
		{1144E1EF-A01D-41C1-A16F-E816612D7523}.Release|Any CPU.Build.0 = Release|Any CPU
		{D2F5F2F7-ED83-40E9-81FC-86425D1C7EBA}.Debug|Any CPU.ActiveCfg = Debug|Any CPU
		{D2F5F2F7-ED83-40E9-81FC-86425D1C7EBA}.Debug|Any CPU.Build.0 = Debug|Any CPU
		{D2F5F2F7-ED83-40E9-81FC-86425D1C7EBA}.Release|Any CPU.ActiveCfg = Release|Any CPU
		{D2F5F2F7-ED83-40E9-81FC-86425D1C7EBA}.Release|Any CPU.Build.0 = Release|Any CPU
		{8DD38724-82A0-430D-AF7C-8AB76CF0CF8E}.Debug|Any CPU.ActiveCfg = Debug|Any CPU
		{8DD38724-82A0-430D-AF7C-8AB76CF0CF8E}.Debug|Any CPU.Build.0 = Debug|Any CPU
		{8DD38724-82A0-430D-AF7C-8AB76CF0CF8E}.Release|Any CPU.ActiveCfg = Release|Any CPU
		{8DD38724-82A0-430D-AF7C-8AB76CF0CF8E}.Release|Any CPU.Build.0 = Release|Any CPU
		{747714A5-B190-4A6C-8D0A-FB226C1538E2}.Debug|Any CPU.ActiveCfg = Debug|Any CPU
		{747714A5-B190-4A6C-8D0A-FB226C1538E2}.Debug|Any CPU.Build.0 = Debug|Any CPU
		{747714A5-B190-4A6C-8D0A-FB226C1538E2}.Release|Any CPU.ActiveCfg = Release|Any CPU
		{747714A5-B190-4A6C-8D0A-FB226C1538E2}.Release|Any CPU.Build.0 = Release|Any CPU
	EndGlobalSection
	GlobalSection(SolutionProperties) = preSolution
		HideSolutionNode = FALSE
	EndGlobalSection
	GlobalSection(NestedProjects) = preSolution
		{6C548200-AF34-4D16-ACB1-B11614988FA2} = {2E5CFA48-C610-4AC8-B788-DBAB70CD74CC}
		{0C040160-2A98-4E99-B38D-2B73424620FE} = {2E5CFA48-C610-4AC8-B788-DBAB70CD74CC}
		{0C9A1AA7-C557-4AED-A7C2-18845F9CCE32} = {2E5CFA48-C610-4AC8-B788-DBAB70CD74CC}
		{E95D1C2E-9173-48E7-8F60-9DCD9C7A4099} = {2E5CFA48-C610-4AC8-B788-DBAB70CD74CC}
		{AE70C5E4-BFFB-4502-BCE9-12918D90FE27} = {2E5CFA48-C610-4AC8-B788-DBAB70CD74CC}
		{3CD1BA53-BC95-4130-829F-41324A881442} = {2E5CFA48-C610-4AC8-B788-DBAB70CD74CC}
		{8BA07AE5-4454-4FBC-95DF-921711664CC6} = {2E5CFA48-C610-4AC8-B788-DBAB70CD74CC}
		{7A213581-5573-4179-A4AD-1DF7FA0D5771} = {2E5CFA48-C610-4AC8-B788-DBAB70CD74CC}
		{50DC1115-F0BD-44A9-BED1-36A6CAC9B692} = {2E5CFA48-C610-4AC8-B788-DBAB70CD74CC}
		{1A2AD3DD-0E9B-4DF5-9BC2-0F7F92F27FCB} = {2E5CFA48-C610-4AC8-B788-DBAB70CD74CC}
		{F8A21C87-B92D-4AA7-B759-DD99D2EF98BF} = {2E5CFA48-C610-4AC8-B788-DBAB70CD74CC}
		{46B21AED-34C9-4E3B-973E-78A28D4E76C1} = {2E5CFA48-C610-4AC8-B788-DBAB70CD74CC}
		{47EBC9FD-3F07-4042-88A2-66F3933E8AED} = {2E5CFA48-C610-4AC8-B788-DBAB70CD74CC}
		{F3855B20-DE3E-4C56-A6E6-1821C16FC52C} = {2E5CFA48-C610-4AC8-B788-DBAB70CD74CC}
		{76B9C3AD-CFEF-4442-9C08-74D2F9DB6877} = {2E5CFA48-C610-4AC8-B788-DBAB70CD74CC}
		{29C4C200-2197-437A-9B53-18DC08BC5610} = {2E5CFA48-C610-4AC8-B788-DBAB70CD74CC}
		{FF0DD70D-2FF3-4255-AE07-B1E0FB00EFFF} = {2E5CFA48-C610-4AC8-B788-DBAB70CD74CC}
		{6E9BC64C-E56D-4015-ADAC-72CA01984B13} = {2E5CFA48-C610-4AC8-B788-DBAB70CD74CC}
		{CD38CA2B-004F-4A6D-8263-928E543553AF} = {2E5CFA48-C610-4AC8-B788-DBAB70CD74CC}
		{54DE8747-1C02-42B8-AAF6-E559BE23709A} = {2E5CFA48-C610-4AC8-B788-DBAB70CD74CC}
		{9472EE40-FBA2-4DC9-B791-BBD7364EE4E0} = {2E5CFA48-C610-4AC8-B788-DBAB70CD74CC}
		{CFE67831-AA06-4267-9485-F523EB05C3CD} = {2E5CFA48-C610-4AC8-B788-DBAB70CD74CC}
		{0A75846F-532C-4ABB-921D-3361BD5C699E} = {2E5CFA48-C610-4AC8-B788-DBAB70CD74CC}
		{75BF7C5E-4F8D-4CB1-BEFC-ABE7FEC0EE98} = {2E5CFA48-C610-4AC8-B788-DBAB70CD74CC}
		{40095266-46D9-4880-B76C-E18BC769A90F} = {2E5CFA48-C610-4AC8-B788-DBAB70CD74CC}
		{1144E1EF-A01D-41C1-A16F-E816612D7523} = {2E5CFA48-C610-4AC8-B788-DBAB70CD74CC}
		{D2F5F2F7-ED83-40E9-81FC-86425D1C7EBA} = {2E5CFA48-C610-4AC8-B788-DBAB70CD74CC}
		{8DD38724-82A0-430D-AF7C-8AB76CF0CF8E} = {2E5CFA48-C610-4AC8-B788-DBAB70CD74CC}
		{747714A5-B190-4A6C-8D0A-FB226C1538E2} = {2E5CFA48-C610-4AC8-B788-DBAB70CD74CC}
	EndGlobalSection
EndGlobal
